
Microsoft Visual Studio Solution File, Format Version 12.00
# Visual Studio Version 16
VisualStudioVersion = 16.0.31205.134
MinimumVisualStudioVersion = 10.0.40219.1
Project("{FAE04EC0-301F-11D3-BF4B-00C04F79EFBC}") = "ParticleSwarm", "ParticleSwarm\ParticleSwarm.csproj", "{3D451C31-82BF-462D-8B19-13BB815C62E5}"
EndProject
Global
	GlobalSection(SolutionConfigurationPlatforms) = preSolution
		Debug|Any CPU = Debug|Any CPU
		Release|Any CPU = Release|Any CPU
	EndGlobalSection
	GlobalSection(ProjectConfigurationPlatforms) = postSolution
		{3D451C31-82BF-462D-8B19-13BB815C62E5}.Debug|Any CPU.ActiveCfg = Debug|Any CPU
		{3D451C31-82BF-462D-8B19-13BB815C62E5}.Debug|Any CPU.Build.0 = Debug|Any CPU
		{3D451C31-82BF-462D-8B19-13BB815C62E5}.Release|Any CPU.ActiveCfg = Release|Any CPU
		{3D451C31-82BF-462D-8B19-13BB815C62E5}.Release|Any CPU.Build.0 = Release|Any CPU
	EndGlobalSection
	GlobalSection(SolutionProperties) = preSolution
		HideSolutionNode = FALSE
	EndGlobalSection
	GlobalSection(ExtensibilityGlobals) = postSolution
		SolutionGuid = {6A130925-3E98-409B-A4DA-2619785A05BF}
	EndGlobalSection
EndGlobal
